
Microsoft Visual Studio Solution File, Format Version 12.00
# Visual Studio Version 16
VisualStudioVersion = 16.0.34729.46
MinimumVisualStudioVersion = 10.0.40219.1
Project("{FAE04EC0-301F-11D3-BF4B-00C04F79EFBC}") = "Vidly", "Vidly\Vidly.csproj", "{D857BE72-1D6B-4438-A00E-E98E939BC4D1}"
EndProject
Global
	GlobalSection(SolutionConfigurationPlatforms) = preSolution
		Debug|Any CPU = Debug|Any CPU
		Release|Any CPU = Release|Any CPU
		Testing|Any CPU = Testing|Any CPU
	EndGlobalSection
	GlobalSection(ProjectConfigurationPlatforms) = postSolution
		{D857BE72-1D6B-4438-A00E-E98E939BC4D1}.Debug|Any CPU.ActiveCfg = Debug|Any CPU
		{D857BE72-1D6B-4438-A00E-E98E939BC4D1}.Debug|Any CPU.Build.0 = Debug|Any CPU
		{D857BE72-1D6B-4438-A00E-E98E939BC4D1}.Release|Any CPU.ActiveCfg = Release|Any CPU
		{D857BE72-1D6B-4438-A00E-E98E939BC4D1}.Release|Any CPU.Build.0 = Release|Any CPU
		{D857BE72-1D6B-4438-A00E-E98E939BC4D1}.Testing|Any CPU.ActiveCfg = Testing|Any CPU
		{D857BE72-1D6B-4438-A00E-E98E939BC4D1}.Testing|Any CPU.Build.0 = Testing|Any CPU
	EndGlobalSection
	GlobalSection(SolutionProperties) = preSolution
		HideSolutionNode = FALSE
	EndGlobalSection
	GlobalSection(ExtensibilityGlobals) = postSolution
		SolutionGuid = {2538C220-AAF2-4035-A99C-F94B2CAE32EF}
	EndGlobalSection
EndGlobal
